{
  "name": "xsolla-community-helpers",
  "version": "1.0.0",
  "lockfileVersion": 1,
  "requires": true,
  "dependencies": {
    "chrono-node": {
      "version": "1.3.5",
      "resolved": "https://registry.npmjs.org/chrono-node/-/chrono-node-1.3.5.tgz",
      "integrity": "sha1-oklSmKMtqCvMAa2b59d++l4kQSI=",
      "requires": {
        "moment": "2.22.1"
      }
    },
    "moment": {
      "version": "2.22.1",
      "resolved": "https://registry.npmjs.org/moment/-/moment-2.22.1.tgz",
      "integrity": "sha512-shJkRTSebXvsVqk56I+lkb2latjBs8I+pc2TzWc545y2iFnSjm7Wg0QMh+ZWcdSLQyGEau5jI8ocnmkyTgr9YQ=="
    }
  }
}
